
Microsoft Visual Studio Solution File, Format Version 12.00
# Visual Studio 15
VisualStudioVersion = 15.0.26228.18
MinimumVisualStudioVersion = 10.0.40219.1
Project("{8BC9CEB8-8B4A-11D0-8D11-00A0C91BC942}") = "Project3", "Project3\Project3.vcxproj", "{B75366C2-76D6-4E96-841A-EDD839267FB4}"
EndProject
Global
	GlobalSection(SolutionConfigurationPlatforms) = preSolution
		Debug|ARM = Debug|ARM
		Debug|x64 = Debug|x64
		Debug|x86 = Debug|x86
		Release|ARM = Release|ARM
		Release|x64 = Release|x64
		Release|x86 = Release|x86
	EndGlobalSection
	GlobalSection(ProjectConfigurationPlatforms) = postSolution
		{B75366C2-76D6-4E96-841A-EDD839267FB4}.Debug|ARM.ActiveCfg = Debug|ARM
		{B75366C2-76D6-4E96-841A-EDD839267FB4}.Debug|ARM.Build.0 = Debug|ARM
		{B75366C2-76D6-4E96-841A-EDD839267FB4}.Debug|x64.ActiveCfg = Debug|x64
		{B75366C2-76D6-4E96-841A-EDD839267FB4}.Debug|x64.Build.0 = Debug|x64
		{B75366C2-76D6-4E96-841A-EDD839267FB4}.Debug|x86.ActiveCfg = Debug|x86
		{B75366C2-76D6-4E96-841A-EDD839267FB4}.Debug|x86.Build.0 = Debug|x86
		{B75366C2-76D6-4E96-841A-EDD839267FB4}.Release|ARM.ActiveCfg = Release|ARM
		{B75366C2-76D6-4E96-841A-EDD839267FB4}.Release|ARM.Build.0 = Release|ARM
		{B75366C2-76D6-4E96-841A-EDD839267FB4}.Release|x64.ActiveCfg = Release|x64
		{B75366C2-76D6-4E96-841A-EDD839267FB4}.Release|x64.Build.0 = Release|x64
		{B75366C2-76D6-4E96-841A-EDD839267FB4}.Release|x86.ActiveCfg = Release|x86
		{B75366C2-76D6-4E96-841A-EDD839267FB4}.Release|x86.Build.0 = Release|x86
	EndGlobalSection
	GlobalSection(SolutionProperties) = preSolution
		HideSolutionNode = FALSE
	EndGlobalSection
EndGlobal
