
Microsoft Visual Studio Solution File, Format Version 12.00
# Visual Studio 15
VisualStudioVersion = 15.0.26228.18
MinimumVisualStudioVersion = 10.0.40219.1
Project("{8BC9CEB8-8B4A-11D0-8D11-00A0C91BC942}") = "testfunction", "testfunction\testfunction.vcxproj", "{FDDA5359-D57F-4994-9D03-240FABBE0C99}"
EndProject
Global
	GlobalSection(SolutionConfigurationPlatforms) = preSolution
		Debug|x64 = Debug|x64
		Debug|x86 = Debug|x86
		Release|x64 = Release|x64
		Release|x86 = Release|x86
	EndGlobalSection
	GlobalSection(ProjectConfigurationPlatforms) = postSolution
		{FDDA5359-D57F-4994-9D03-240FABBE0C99}.Debug|x64.ActiveCfg = Debug|x64
		{FDDA5359-D57F-4994-9D03-240FABBE0C99}.Debug|x64.Build.0 = Debug|x64
		{FDDA5359-D57F-4994-9D03-240FABBE0C99}.Debug|x86.ActiveCfg = Debug|Win32
		{FDDA5359-D57F-4994-9D03-240FABBE0C99}.Debug|x86.Build.0 = Debug|Win32
		{FDDA5359-D57F-4994-9D03-240FABBE0C99}.Release|x64.ActiveCfg = Release|x64
		{FDDA5359-D57F-4994-9D03-240FABBE0C99}.Release|x64.Build.0 = Release|x64
		{FDDA5359-D57F-4994-9D03-240FABBE0C99}.Release|x86.ActiveCfg = Release|Win32
		{FDDA5359-D57F-4994-9D03-240FABBE0C99}.Release|x86.Build.0 = Release|Win32
	EndGlobalSection
	GlobalSection(SolutionProperties) = preSolution
		HideSolutionNode = FALSE
	EndGlobalSection
EndGlobal
