
Microsoft Visual Studio Solution File, Format Version 12.00
# Visual Studio 15
VisualStudioVersion = 15.0.26228.18
MinimumVisualStudioVersion = 10.0.40219.1
Project("{8BC9CEB8-8B4A-11D0-8D11-00A0C91BC942}") = "Blink1", "Blink1\Blink1.vcxproj", "{1281ACD7-FF14-4A43-B385-C2BC4C5ADDDE}"
EndProject
Global
	GlobalSection(SolutionConfigurationPlatforms) = preSolution
		Debug|ARM = Debug|ARM
		Release|ARM = Release|ARM
	EndGlobalSection
	GlobalSection(ProjectConfigurationPlatforms) = postSolution
		{1281ACD7-FF14-4A43-B385-C2BC4C5ADDDE}.Debug|ARM.ActiveCfg = Debug|ARM
		{1281ACD7-FF14-4A43-B385-C2BC4C5ADDDE}.Debug|ARM.Build.0 = Debug|ARM
		{1281ACD7-FF14-4A43-B385-C2BC4C5ADDDE}.Release|ARM.ActiveCfg = Release|ARM
		{1281ACD7-FF14-4A43-B385-C2BC4C5ADDDE}.Release|ARM.Build.0 = Release|ARM
	EndGlobalSection
	GlobalSection(SolutionProperties) = preSolution
		HideSolutionNode = FALSE
	EndGlobalSection
EndGlobal
